// !$*UTF8*$!
{
	archiveVersion = 1;
	classes = {
	};
	objectVersion = 55;
	objects = {

/* Begin PBXBuildFile section */
		880335F22773B384000DC60A /* RestaurantMenuPresenter.swift in Sources */ = {isa = PBXBuildFile; fileRef = 880335F12773B384000DC60A /* RestaurantMenuPresenter.swift */; };
		880335FD277502AD000DC60A /* SectionCollectionViewCell.swift in Sources */ = {isa = PBXBuildFile; fileRef = 880335FC277502AD000DC60A /* SectionCollectionViewCell.swift */; };
		8803360527761B4B000DC60A /* PlayfairDisplay-Italic.ttf in Resources */ = {isa = PBXBuildFile; fileRef = 8803360227761B4B000DC60A /* PlayfairDisplay-Italic.ttf */; };
		8803360627761B4B000DC60A /* PlayfairDisplay-Regular.ttf in Resources */ = {isa = PBXBuildFile; fileRef = 8803360327761B4B000DC60A /* PlayfairDisplay-Regular.ttf */; };
		8803360727761B4B000DC60A /* PlayfairDisplay-Bold.ttf in Resources */ = {isa = PBXBuildFile; fileRef = 8803360427761B4B000DC60A /* PlayfairDisplay-Bold.ttf */; };
		8803360A27761C80000DC60A /* MenuItemTableViewCell.swift in Sources */ = {isa = PBXBuildFile; fileRef = 8803360927761C80000DC60A /* MenuItemTableViewCell.swift */; };
		8856E8DE2773569100F9C513 /* Montserrat-Bold.ttf in Resources */ = {isa = PBXBuildFile; fileRef = 8856E8CC2773569000F9C513 /* Montserrat-Bold.ttf */; };
		8856E8E72773569100F9C513 /* Montserrat-Italic.ttf in Resources */ = {isa = PBXBuildFile; fileRef = 8856E8D52773569100F9C513 /* Montserrat-Italic.ttf */; };
		8856E8ED2773569100F9C513 /* Montserrat-Regular.ttf in Resources */ = {isa = PBXBuildFile; fileRef = 8856E8DB2773569100F9C513 /* Montserrat-Regular.ttf */; };
		887734A7276E704B00E63719 /* AppDelegate.swift in Sources */ = {isa = PBXBuildFile; fileRef = 887734A6276E704B00E63719 /* AppDelegate.swift */; };
		887734A9276E704B00E63719 /* SceneDelegate.swift in Sources */ = {isa = PBXBuildFile; fileRef = 887734A8276E704B00E63719 /* SceneDelegate.swift */; };
		887734AB276E704B00E63719 /* MenuViewController.swift in Sources */ = {isa = PBXBuildFile; fileRef = 887734AA276E704B00E63719 /* MenuViewController.swift */; };
		887734AE276E704B00E63719 /* Main.storyboard in Resources */ = {isa = PBXBuildFile; fileRef = 887734AC276E704B00E63719 /* Main.storyboard */; };
		887734B0276E704C00E63719 /* Assets.xcassets in Resources */ = {isa = PBXBuildFile; fileRef = 887734AF276E704C00E63719 /* Assets.xcassets */; };
		887734B3276E704C00E63719 /* LaunchScreen.storyboard in Resources */ = {isa = PBXBuildFile; fileRef = 887734B1276E704C00E63719 /* LaunchScreen.storyboard */; };
		887734D8276E76C600E63719 /* Alamofire in Frameworks */ = {isa = PBXBuildFile; productRef = 887734D7276E76C600E63719 /* Alamofire */; };
		887734DB276E7A7500E63719 /* RequestBodyCreator.swift in Sources */ = {isa = PBXBuildFile; fileRef = 887734DA276E7A7500E63719 /* RequestBodyCreator.swift */; };
		887734DD276E7AAB00E63719 /* APIRequest.swift in Sources */ = {isa = PBXBuildFile; fileRef = 887734DC276E7AAB00E63719 /* APIRequest.swift */; };
		887734DF276E7AC200E63719 /* APIResponse.swift in Sources */ = {isa = PBXBuildFile; fileRef = 887734DE276E7AC200E63719 /* APIResponse.swift */; };
		887734E22770B55E00E63719 /* String+Extension.swift in Sources */ = {isa = PBXBuildFile; fileRef = 887734E12770B55E00E63719 /* String+Extension.swift */; };
		887734E42770B5D900E63719 /* NetworkError.swift in Sources */ = {isa = PBXBuildFile; fileRef = 887734E32770B5D900E63719 /* NetworkError.swift */; };
		887734E72770BAAD00E63719 /* RequestBodyCreatorTests.swift in Sources */ = {isa = PBXBuildFile; fileRef = 887734E62770BAAD00E63719 /* RequestBodyCreatorTests.swift */; };
		887734E92770F0BF00E63719 /* Result.swift in Sources */ = {isa = PBXBuildFile; fileRef = 887734E82770F0BF00E63719 /* Result.swift */; };
		887734EB2770F14200E63719 /* APIClient.swift in Sources */ = {isa = PBXBuildFile; fileRef = 887734EA2770F14200E63719 /* APIClient.swift */; };
		887734ED2770F38300E63719 /* NetworkAdapter.swift in Sources */ = {isa = PBXBuildFile; fileRef = 887734EC2770F38300E63719 /* NetworkAdapter.swift */; };
		887734EF2771029C00E63719 /* APIClientTests.swift in Sources */ = {isa = PBXBuildFile; fileRef = 887734EE2771029C00E63719 /* APIClientTests.swift */; };
		887734F42771250E00E63719 /* MenuItemsResponse.swift in Sources */ = {isa = PBXBuildFile; fileRef = 887734F32771250E00E63719 /* MenuItemsResponse.swift */; };
		887734FA2772211000E63719 /* MenuItemsRequest.swift in Sources */ = {isa = PBXBuildFile; fileRef = 887734F92772211000E63719 /* MenuItemsRequest.swift */; };
/* End PBXBuildFile section */

/* Begin PBXContainerItemProxy section */
		887734BA276E704D00E63719 /* PBXContainerItemProxy */ = {
			isa = PBXContainerItemProxy;
			containerPortal = 8877349B276E704B00E63719 /* Project object */;
			proxyType = 1;
			remoteGlobalIDString = 887734A2276E704B00E63719;
			remoteInfo = RestaurantMenu;
		};
/* End PBXContainerItemProxy section */

/* Begin PBXFileReference section */
		880335F12773B384000DC60A /* RestaurantMenuPresenter.swift */ = {isa = PBXFileReference; lastKnownFileType = sourcecode.swift; path = RestaurantMenuPresenter.swift; sourceTree = "<group>"; };
		880335FC277502AD000DC60A /* SectionCollectionViewCell.swift */ = {isa = PBXFileReference; lastKnownFileType = sourcecode.swift; path = SectionCollectionViewCell.swift; sourceTree = "<group>"; };
		8803360227761B4B000DC60A /* PlayfairDisplay-Italic.ttf */ = {isa = PBXFileReference; lastKnownFileType = file; path = "PlayfairDisplay-Italic.ttf"; sourceTree = "<group>"; };
		8803360327761B4B000DC60A /* PlayfairDisplay-Regular.ttf */ = {isa = PBXFileReference; lastKnownFileType = file; path = "PlayfairDisplay-Regular.ttf"; sourceTree = "<group>"; };
		8803360427761B4B000DC60A /* PlayfairDisplay-Bold.ttf */ = {isa = PBXFileReference; lastKnownFileType = file; path = "PlayfairDisplay-Bold.ttf"; sourceTree = "<group>"; };
		8803360927761C80000DC60A /* MenuItemTableViewCell.swift */ = {isa = PBXFileReference; lastKnownFileType = sourcecode.swift; path = MenuItemTableViewCell.swift; sourceTree = "<group>"; };
		8856E8C32772292D00F9C513 /* Config.xcconfig */ = {isa = PBXFileReference; lastKnownFileType = text.xcconfig; path = Config.xcconfig; sourceTree = "<group>"; };
		8856E8CC2773569000F9C513 /* Montserrat-Bold.ttf */ = {isa = PBXFileReference; lastKnownFileType = file; path = "Montserrat-Bold.ttf"; sourceTree = "<group>"; };
		8856E8D52773569100F9C513 /* Montserrat-Italic.ttf */ = {isa = PBXFileReference; lastKnownFileType = file; path = "Montserrat-Italic.ttf"; sourceTree = "<group>"; };
		8856E8DB2773569100F9C513 /* Montserrat-Regular.ttf */ = {isa = PBXFileReference; lastKnownFileType = file; path = "Montserrat-Regular.ttf"; sourceTree = "<group>"; };
		887734A3276E704B00E63719 /* RestaurantMenu.app */ = {isa = PBXFileReference; explicitFileType = wrapper.application; includeInIndex = 0; path = RestaurantMenu.app; sourceTree = BUILT_PRODUCTS_DIR; };
		887734A6276E704B00E63719 /* AppDelegate.swift */ = {isa = PBXFileReference; lastKnownFileType = sourcecode.swift; path = AppDelegate.swift; sourceTree = "<group>"; };
		887734A8276E704B00E63719 /* SceneDelegate.swift */ = {isa = PBXFileReference; lastKnownFileType = sourcecode.swift; path = SceneDelegate.swift; sourceTree = "<group>"; };
		887734AA276E704B00E63719 /* MenuViewController.swift */ = {isa = PBXFileReference; lastKnownFileType = sourcecode.swift; path = MenuViewController.swift; sourceTree = "<group>"; };
		887734AD276E704B00E63719 /* Base */ = {isa = PBXFileReference; lastKnownFileType = file.storyboard; name = Base; path = Base.lproj/Main.storyboard; sourceTree = "<group>"; };
		887734AF276E704C00E63719 /* Assets.xcassets */ = {isa = PBXFileReference; lastKnownFileType = folder.assetcatalog; path = Assets.xcassets; sourceTree = "<group>"; };
		887734B2276E704C00E63719 /* Base */ = {isa = PBXFileReference; lastKnownFileType = file.storyboard; name = Base; path = Base.lproj/LaunchScreen.storyboard; sourceTree = "<group>"; };
		887734B4276E704C00E63719 /* Info.plist */ = {isa = PBXFileReference; lastKnownFileType = text.plist.xml; path = Info.plist; sourceTree = "<group>"; };
		887734B9276E704D00E63719 /* RestaurantMenuTests.xctest */ = {isa = PBXFileReference; explicitFileType = wrapper.cfbundle; includeInIndex = 0; path = RestaurantMenuTests.xctest; sourceTree = BUILT_PRODUCTS_DIR; };
		887734DA276E7A7500E63719 /* RequestBodyCreator.swift */ = {isa = PBXFileReference; lastKnownFileType = sourcecode.swift; path = RequestBodyCreator.swift; sourceTree = "<group>"; };
		887734DC276E7AAB00E63719 /* APIRequest.swift */ = {isa = PBXFileReference; lastKnownFileType = sourcecode.swift; path = APIRequest.swift; sourceTree = "<group>"; };
		887734DE276E7AC200E63719 /* APIResponse.swift */ = {isa = PBXFileReference; lastKnownFileType = sourcecode.swift; path = APIResponse.swift; sourceTree = "<group>"; };
		887734E12770B55E00E63719 /* String+Extension.swift */ = {isa = PBXFileReference; lastKnownFileType = sourcecode.swift; path = "String+Extension.swift"; sourceTree = "<group>"; };
		887734E32770B5D900E63719 /* NetworkError.swift */ = {isa = PBXFileReference; lastKnownFileType = sourcecode.swift; path = NetworkError.swift; sourceTree = "<group>"; };
		887734E62770BAAD00E63719 /* RequestBodyCreatorTests.swift */ = {isa = PBXFileReference; lastKnownFileType = sourcecode.swift; path = RequestBodyCreatorTests.swift; sourceTree = "<group>"; };
		887734E82770F0BF00E63719 /* Result.swift */ = {isa = PBXFileReference; lastKnownFileType = sourcecode.swift; path = Result.swift; sourceTree = "<group>"; };
		887734EA2770F14200E63719 /* APIClient.swift */ = {isa = PBXFileReference; lastKnownFileType = sourcecode.swift; path = APIClient.swift; sourceTree = "<group>"; };
		887734EC2770F38300E63719 /* NetworkAdapter.swift */ = {isa = PBXFileReference; lastKnownFileType = sourcecode.swift; path = NetworkAdapter.swift; sourceTree = "<group>"; };
		887734EE2771029C00E63719 /* APIClientTests.swift */ = {isa = PBXFileReference; lastKnownFileType = sourcecode.swift; path = APIClientTests.swift; sourceTree = "<group>"; };
		887734F32771250E00E63719 /* MenuItemsResponse.swift */ = {isa = PBXFileReference; lastKnownFileType = sourcecode.swift; path = MenuItemsResponse.swift; sourceTree = "<group>"; };
		887734F92772211000E63719 /* MenuItemsRequest.swift */ = {isa = PBXFileReference; lastKnownFileType = sourcecode.swift; path = MenuItemsRequest.swift; sourceTree = "<group>"; };
/* End PBXFileReference section */

/* Begin PBXFrameworksBuildPhase section */
		887734A0276E704B00E63719 /* Frameworks */ = {
			isa = PBXFrameworksBuildPhase;
			buildActionMask = 2147483647;
			files = (
				887734D8276E76C600E63719 /* Alamofire in Frameworks */,
			);
			runOnlyForDeploymentPostprocessing = 0;
		};
		887734B6276E704D00E63719 /* Frameworks */ = {
			isa = PBXFrameworksBuildPhase;
			buildActionMask = 2147483647;
			files = (
			);
			runOnlyForDeploymentPostprocessing = 0;
		};
/* End PBXFrameworksBuildPhase section */

/* Begin PBXGroup section */
		880335EF2773B2A5000DC60A /* Presenter */ = {
			isa = PBXGroup;
			children = (
				880335F12773B384000DC60A /* RestaurantMenuPresenter.swift */,
			);
			path = Presenter;
			sourceTree = "<group>";
		};
		880335FA2775028B000DC60A /* Menu */ = {
			isa = PBXGroup;
			children = (
				887734AA276E704B00E63719 /* MenuViewController.swift */,
				887734AC276E704B00E63719 /* Main.storyboard */,
			);
			path = Menu;
			sourceTree = "<group>";
		};
		880335FB27750292000DC60A /* Section */ = {
			isa = PBXGroup;
			children = (
				880335FC277502AD000DC60A /* SectionCollectionViewCell.swift */,
			);
			path = Section;
			sourceTree = "<group>";
		};
		8803360127761B36000DC60A /* PlayfairDisplay */ = {
			isa = PBXGroup;
			children = (
				8803360427761B4B000DC60A /* PlayfairDisplay-Bold.ttf */,
				8803360227761B4B000DC60A /* PlayfairDisplay-Italic.ttf */,
				8803360327761B4B000DC60A /* PlayfairDisplay-Regular.ttf */,
			);
			path = PlayfairDisplay;
			sourceTree = "<group>";
		};
		8803360827761C66000DC60A /* MenuItem */ = {
			isa = PBXGroup;
			children = (
				8803360927761C80000DC60A /* MenuItemTableViewCell.swift */,
			);
			path = MenuItem;
			sourceTree = "<group>";
		};
		8856E8C72773548200F9C513 /* View */ = {
			isa = PBXGroup;
			children = (
				8803360827761C66000DC60A /* MenuItem */,
				880335FB27750292000DC60A /* Section */,
				880335FA2775028B000DC60A /* Menu */,
			);
			path = View;
			sourceTree = "<group>";
		};
		8856E8C82773565200F9C513 /* Resources */ = {
			isa = PBXGroup;
			children = (
				8856E8C92773566000F9C513 /* Fonts */,
			);
			path = Resources;
			sourceTree = "<group>";
		};
		8856E8C92773566000F9C513 /* Fonts */ = {
			isa = PBXGroup;
			children = (
				8803360127761B36000DC60A /* PlayfairDisplay */,
				8856E8CA2773566900F9C513 /* Montserrat */,
			);
			path = Fonts;
			sourceTree = "<group>";
		};
		8856E8CA2773566900F9C513 /* Montserrat */ = {
			isa = PBXGroup;
			children = (
				8856E8CC2773569000F9C513 /* Montserrat-Bold.ttf */,
				8856E8D52773569100F9C513 /* Montserrat-Italic.ttf */,
				8856E8DB2773569100F9C513 /* Montserrat-Regular.ttf */,
			);
			path = Montserrat;
			sourceTree = "<group>";
		};
		8877349A276E704B00E63719 = {
			isa = PBXGroup;
			children = (
				887734A5276E704B00E63719 /* RestaurantMenu */,
				887734BC276E704D00E63719 /* RestaurantMenuTests */,
				887734A4276E704B00E63719 /* Products */,
			);
			sourceTree = "<group>";
		};
		887734A4276E704B00E63719 /* Products */ = {
			isa = PBXGroup;
			children = (
				887734A3276E704B00E63719 /* RestaurantMenu.app */,
				887734B9276E704D00E63719 /* RestaurantMenuTests.xctest */,
			);
			name = Products;
			sourceTree = "<group>";
		};
		887734A5276E704B00E63719 /* RestaurantMenu */ = {
			isa = PBXGroup;
			children = (
				8856E8C82773565200F9C513 /* Resources */,
				880335EF2773B2A5000DC60A /* Presenter */,
				8856E8C72773548200F9C513 /* View */,
				887734F0277104A900E63719 /* Domain */,
				887734E02770B4FF00E63719 /* Extension */,
				887734D9276E7A5400E63719 /* Network */,
				887734A6276E704B00E63719 /* AppDelegate.swift */,
				887734A8276E704B00E63719 /* SceneDelegate.swift */,
				887734AF276E704C00E63719 /* Assets.xcassets */,
				887734B1276E704C00E63719 /* LaunchScreen.storyboard */,
				887734B4276E704C00E63719 /* Info.plist */,
				8856E8C32772292D00F9C513 /* Config.xcconfig */,
			);
			path = RestaurantMenu;
			sourceTree = "<group>";
		};
		887734BC276E704D00E63719 /* RestaurantMenuTests */ = {
			isa = PBXGroup;
			children = (
				887734E52770BA9100E63719 /* Network */,
			);
			path = RestaurantMenuTests;
			sourceTree = "<group>";
		};
		887734D9276E7A5400E63719 /* Network */ = {
			isa = PBXGroup;
			children = (
				887734DA276E7A7500E63719 /* RequestBodyCreator.swift */,
				887734DC276E7AAB00E63719 /* APIRequest.swift */,
				887734DE276E7AC200E63719 /* APIResponse.swift */,
				887734E32770B5D900E63719 /* NetworkError.swift */,
				887734E82770F0BF00E63719 /* Result.swift */,
				887734EA2770F14200E63719 /* APIClient.swift */,
				887734EC2770F38300E63719 /* NetworkAdapter.swift */,
			);
			path = Network;
			sourceTree = "<group>";
		};
		887734E02770B4FF00E63719 /* Extension */ = {
			isa = PBXGroup;
			children = (
				887734E12770B55E00E63719 /* String+Extension.swift */,
			);
			path = Extension;
			sourceTree = "<group>";
		};
		887734E52770BA9100E63719 /* Network */ = {
			isa = PBXGroup;
			children = (
				887734E62770BAAD00E63719 /* RequestBodyCreatorTests.swift */,
				887734EE2771029C00E63719 /* APIClientTests.swift */,
			);
			path = Network;
			sourceTree = "<group>";
		};
		887734F0277104A900E63719 /* Domain */ = {
			isa = PBXGroup;
			children = (
				887734F8277220FE00E63719 /* Request */,
				887734F2277104CC00E63719 /* Response */,
			);
			path = Domain;
			sourceTree = "<group>";
		};
		887734F2277104CC00E63719 /* Response */ = {
			isa = PBXGroup;
			children = (
				887734F32771250E00E63719 /* MenuItemsResponse.swift */,
			);
			path = Response;
			sourceTree = "<group>";
		};
		887734F8277220FE00E63719 /* Request */ = {
			isa = PBXGroup;
			children = (
				887734F92772211000E63719 /* MenuItemsRequest.swift */,
			);
			path = Request;
			sourceTree = "<group>";
		};
/* End PBXGroup section */

/* Begin PBXNativeTarget section */
		887734A2276E704B00E63719 /* RestaurantMenu */ = {
			isa = PBXNativeTarget;
			buildConfigurationList = 887734CD276E704D00E63719 /* Build configuration list for PBXNativeTarget "RestaurantMenu" */;
			buildPhases = (
				8877349F276E704B00E63719 /* Sources */,
				887734A0276E704B00E63719 /* Frameworks */,
				887734A1276E704B00E63719 /* Resources */,
			);
			buildRules = (
			);
			dependencies = (
			);
			name = RestaurantMenu;
			packageProductDependencies = (
				887734D7276E76C600E63719 /* Alamofire */,
			);
			productName = RestaurantMenu;
			productReference = 887734A3276E704B00E63719 /* RestaurantMenu.app */;
			productType = "com.apple.product-type.application";
		};
		887734B8276E704D00E63719 /* RestaurantMenuTests */ = {
			isa = PBXNativeTarget;
			buildConfigurationList = 887734D0276E704D00E63719 /* Build configuration list for PBXNativeTarget "RestaurantMenuTests" */;
			buildPhases = (
				887734B5276E704D00E63719 /* Sources */,
				887734B6276E704D00E63719 /* Frameworks */,
				887734B7276E704D00E63719 /* Resources */,
			);
			buildRules = (
			);
			dependencies = (
				887734BB276E704D00E63719 /* PBXTargetDependency */,
			);
			name = RestaurantMenuTests;
			productName = RestaurantMenuTests;
			productReference = 887734B9276E704D00E63719 /* RestaurantMenuTests.xctest */;
			productType = "com.apple.product-type.bundle.unit-test";
		};
/* End PBXNativeTarget section */

/* Begin PBXProject section */
		8877349B276E704B00E63719 /* Project object */ = {
			isa = PBXProject;
			attributes = {
				BuildIndependentTargetsInParallel = 1;
				LastSwiftUpdateCheck = 1320;
				LastUpgradeCheck = 1320;
				TargetAttributes = {
					887734A2276E704B00E63719 = {
						CreatedOnToolsVersion = 13.2.1;
					};
					887734B8276E704D00E63719 = {
						CreatedOnToolsVersion = 13.2.1;
						LastSwiftMigration = 1320;
						TestTargetID = 887734A2276E704B00E63719;
					};
				};
			};
			buildConfigurationList = 8877349E276E704B00E63719 /* Build configuration list for PBXProject "RestaurantMenu" */;
			compatibilityVersion = "Xcode 13.0";
			developmentRegion = en;
			hasScannedForEncodings = 0;
			knownRegions = (
				en,
				Base,
			);
			mainGroup = 8877349A276E704B00E63719;
			packageReferences = (
				887734D6276E76C600E63719 /* XCRemoteSwiftPackageReference "Alamofire" */,
			);
			productRefGroup = 887734A4276E704B00E63719 /* Products */;
			projectDirPath = "";
			projectRoot = "";
			targets = (
				887734A2276E704B00E63719 /* RestaurantMenu */,
				887734B8276E704D00E63719 /* RestaurantMenuTests */,
			);
		};
/* End PBXProject section */

/* Begin PBXResourcesBuildPhase section */
		887734A1276E704B00E63719 /* Resources */ = {
			isa = PBXResourcesBuildPhase;
			buildActionMask = 2147483647;
			files = (
				8803360727761B4B000DC60A /* PlayfairDisplay-Bold.ttf in Resources */,
				8856E8DE2773569100F9C513 /* Montserrat-Bold.ttf in Resources */,
				8856E8ED2773569100F9C513 /* Montserrat-Regular.ttf in Resources */,
				887734B3276E704C00E63719 /* LaunchScreen.storyboard in Resources */,
				887734B0276E704C00E63719 /* Assets.xcassets in Resources */,
				8803360627761B4B000DC60A /* PlayfairDisplay-Regular.ttf in Resources */,
				887734AE276E704B00E63719 /* Main.storyboard in Resources */,
				8856E8E72773569100F9C513 /* Montserrat-Italic.ttf in Resources */,
				8803360527761B4B000DC60A /* PlayfairDisplay-Italic.ttf in Resources */,
			);
			runOnlyForDeploymentPostprocessing = 0;
		};
		887734B7276E704D00E63719 /* Resources */ = {
			isa = PBXResourcesBuildPhase;
			buildActionMask = 2147483647;
			files = (
			);
			runOnlyForDeploymentPostprocessing = 0;
		};
/* End PBXResourcesBuildPhase section */

/* Begin PBXSourcesBuildPhase section */
		8877349F276E704B00E63719 /* Sources */ = {
			isa = PBXSourcesBuildPhase;
			buildActionMask = 2147483647;
			files = (
				887734E92770F0BF00E63719 /* Result.swift in Sources */,
				880335F22773B384000DC60A /* RestaurantMenuPresenter.swift in Sources */,
				887734DB276E7A7500E63719 /* RequestBodyCreator.swift in Sources */,
				887734E42770B5D900E63719 /* NetworkError.swift in Sources */,
				887734EB2770F14200E63719 /* APIClient.swift in Sources */,
				880335FD277502AD000DC60A /* SectionCollectionViewCell.swift in Sources */,
				887734E22770B55E00E63719 /* String+Extension.swift in Sources */,
				887734F42771250E00E63719 /* MenuItemsResponse.swift in Sources */,
				887734AB276E704B00E63719 /* MenuViewController.swift in Sources */,
				887734A7276E704B00E63719 /* AppDelegate.swift in Sources */,
				887734DD276E7AAB00E63719 /* APIRequest.swift in Sources */,
				887734ED2770F38300E63719 /* NetworkAdapter.swift in Sources */,
				887734FA2772211000E63719 /* MenuItemsRequest.swift in Sources */,
				8803360A27761C80000DC60A /* MenuItemTableViewCell.swift in Sources */,
				887734A9276E704B00E63719 /* SceneDelegate.swift in Sources */,
				887734DF276E7AC200E63719 /* APIResponse.swift in Sources */,
			);
			runOnlyForDeploymentPostprocessing = 0;
		};
		887734B5276E704D00E63719 /* Sources */ = {
			isa = PBXSourcesBuildPhase;
			buildActionMask = 2147483647;
			files = (
				887734E72770BAAD00E63719 /* RequestBodyCreatorTests.swift in Sources */,
				887734EF2771029C00E63719 /* APIClientTests.swift in Sources */,
			);
			runOnlyForDeploymentPostprocessing = 0;
		};
/* End PBXSourcesBuildPhase section */

/* Begin PBXTargetDependency section */
		887734BB276E704D00E63719 /* PBXTargetDependency */ = {
			isa = PBXTargetDependency;
			target = 887734A2276E704B00E63719 /* RestaurantMenu */;
			targetProxy = 887734BA276E704D00E63719 /* PBXContainerItemProxy */;
		};
/* End PBXTargetDependency section */

/* Begin PBXVariantGroup section */
		887734AC276E704B00E63719 /* Main.storyboard */ = {
			isa = PBXVariantGroup;
			children = (
				887734AD276E704B00E63719 /* Base */,
			);
			name = Main.storyboard;
			sourceTree = "<group>";
		};
		887734B1276E704C00E63719 /* LaunchScreen.storyboard */ = {
			isa = PBXVariantGroup;
			children = (
				887734B2276E704C00E63719 /* Base */,
			);
			name = LaunchScreen.storyboard;
			sourceTree = "<group>";
		};
/* End PBXVariantGroup section */

/* Begin XCBuildConfiguration section */
		887734CB276E704D00E63719 /* Debug */ = {
			isa = XCBuildConfiguration;
			buildSettings = {
				ALWAYS_SEARCH_USER_PATHS = NO;
				CLANG_ANALYZER_NONNULL = YES;
				CLANG_ANALYZER_NUMBER_OBJECT_CONVERSION = YES_AGGRESSIVE;
				CLANG_CXX_LANGUAGE_STANDARD = "gnu++17";
				CLANG_CXX_LIBRARY = "libc++";
				CLANG_ENABLE_MODULES = YES;
				CLANG_ENABLE_OBJC_ARC = YES;
				CLANG_ENABLE_OBJC_WEAK = YES;
				CLANG_WARN_BLOCK_CAPTURE_AUTORELEASING = YES;
				CLANG_WARN_BOOL_CONVERSION = YES;
				CLANG_WARN_COMMA = YES;
				CLANG_WARN_CONSTANT_CONVERSION = YES;
				CLANG_WARN_DEPRECATED_OBJC_IMPLEMENTATIONS = YES;
				CLANG_WARN_DIRECT_OBJC_ISA_USAGE = YES_ERROR;
				CLANG_WARN_DOCUMENTATION_COMMENTS = YES;
				CLANG_WARN_EMPTY_BODY = YES;
				CLANG_WARN_ENUM_CONVERSION = YES;
				CLANG_WARN_INFINITE_RECURSION = YES;
				CLANG_WARN_INT_CONVERSION = YES;
				CLANG_WARN_NON_LITERAL_NULL_CONVERSION = YES;
				CLANG_WARN_OBJC_IMPLICIT_RETAIN_SELF = YES;
				CLANG_WARN_OBJC_LITERAL_CONVERSION = YES;
				CLANG_WARN_OBJC_ROOT_CLASS = YES_ERROR;
				CLANG_WARN_QUOTED_INCLUDE_IN_FRAMEWORK_HEADER = YES;
				CLANG_WARN_RANGE_LOOP_ANALYSIS = YES;
				CLANG_WARN_STRICT_PROTOTYPES = YES;
				CLANG_WARN_SUSPICIOUS_MOVE = YES;
				CLANG_WARN_UNGUARDED_AVAILABILITY = YES_AGGRESSIVE;
				CLANG_WARN_UNREACHABLE_CODE = YES;
				CLANG_WARN__DUPLICATE_METHOD_MATCH = YES;
				COPY_PHASE_STRIP = NO;
				DEBUG_INFORMATION_FORMAT = dwarf;
				ENABLE_STRICT_OBJC_MSGSEND = YES;
				ENABLE_TESTABILITY = YES;
				GCC_C_LANGUAGE_STANDARD = gnu11;
				GCC_DYNAMIC_NO_PIC = NO;
				GCC_NO_COMMON_BLOCKS = YES;
				GCC_OPTIMIZATION_LEVEL = 0;
				GCC_PREPROCESSOR_DEFINITIONS = (
					"DEBUG=1",
					"$(inherited)",
				);
				GCC_WARN_64_TO_32_BIT_CONVERSION = YES;
				GCC_WARN_ABOUT_RETURN_TYPE = YES_ERROR;
				GCC_WARN_UNDECLARED_SELECTOR = YES;
				GCC_WARN_UNINITIALIZED_AUTOS = YES_AGGRESSIVE;
				GCC_WARN_UNUSED_FUNCTION = YES;
				GCC_WARN_UNUSED_VARIABLE = YES;
				IPHONEOS_DEPLOYMENT_TARGET = 15.2;
				MTL_ENABLE_DEBUG_INFO = INCLUDE_SOURCE;
				MTL_FAST_MATH = YES;
				ONLY_ACTIVE_ARCH = YES;
				SDKROOT = iphoneos;
				SWIFT_ACTIVE_COMPILATION_CONDITIONS = DEBUG;
				SWIFT_OPTIMIZATION_LEVEL = "-Onone";
			};
			name = Debug;
		};
		887734CC276E704D00E63719 /* Release */ = {
			isa = XCBuildConfiguration;
			buildSettings = {
				ALWAYS_SEARCH_USER_PATHS = NO;
				CLANG_ANALYZER_NONNULL = YES;
				CLANG_ANALYZER_NUMBER_OBJECT_CONVERSION = YES_AGGRESSIVE;
				CLANG_CXX_LANGUAGE_STANDARD = "gnu++17";
				CLANG_CXX_LIBRARY = "libc++";
				CLANG_ENABLE_MODULES = YES;
				CLANG_ENABLE_OBJC_ARC = YES;
				CLANG_ENABLE_OBJC_WEAK = YES;
				CLANG_WARN_BLOCK_CAPTURE_AUTORELEASING = YES;
				CLANG_WARN_BOOL_CONVERSION = YES;
				CLANG_WARN_COMMA = YES;
				CLANG_WARN_CONSTANT_CONVERSION = YES;
				CLANG_WARN_DEPRECATED_OBJC_IMPLEMENTATIONS = YES;
				CLANG_WARN_DIRECT_OBJC_ISA_USAGE = YES_ERROR;
				CLANG_WARN_DOCUMENTATION_COMMENTS = YES;
				CLANG_WARN_EMPTY_BODY = YES;
				CLANG_WARN_ENUM_CONVERSION = YES;
				CLANG_WARN_INFINITE_RECURSION = YES;
				CLANG_WARN_INT_CONVERSION = YES;
				CLANG_WARN_NON_LITERAL_NULL_CONVERSION = YES;
				CLANG_WARN_OBJC_IMPLICIT_RETAIN_SELF = YES;
				CLANG_WARN_OBJC_LITERAL_CONVERSION = YES;
				CLANG_WARN_OBJC_ROOT_CLASS = YES_ERROR;
				CLANG_WARN_QUOTED_INCLUDE_IN_FRAMEWORK_HEADER = YES;
				CLANG_WARN_RANGE_LOOP_ANALYSIS = YES;
				CLANG_WARN_STRICT_PROTOTYPES = YES;
				CLANG_WARN_SUSPICIOUS_MOVE = YES;
				CLANG_WARN_UNGUARDED_AVAILABILITY = YES_AGGRESSIVE;
				CLANG_WARN_UNREACHABLE_CODE = YES;
				CLANG_WARN__DUPLICATE_METHOD_MATCH = YES;
				COPY_PHASE_STRIP = NO;
				DEBUG_INFORMATION_FORMAT = "dwarf-with-dsym";
				ENABLE_NS_ASSERTIONS = NO;
				ENABLE_STRICT_OBJC_MSGSEND = YES;
				GCC_C_LANGUAGE_STANDARD = gnu11;
				GCC_NO_COMMON_BLOCKS = YES;
				GCC_WARN_64_TO_32_BIT_CONVERSION = YES;
				GCC_WARN_ABOUT_RETURN_TYPE = YES_ERROR;
				GCC_WARN_UNDECLARED_SELECTOR = YES;
				GCC_WARN_UNINITIALIZED_AUTOS = YES_AGGRESSIVE;
				GCC_WARN_UNUSED_FUNCTION = YES;
				GCC_WARN_UNUSED_VARIABLE = YES;
				IPHONEOS_DEPLOYMENT_TARGET = 15.2;
				MTL_ENABLE_DEBUG_INFO = NO;
				MTL_FAST_MATH = YES;
				SDKROOT = iphoneos;
				SWIFT_COMPILATION_MODE = wholemodule;
				SWIFT_OPTIMIZATION_LEVEL = "-O";
				VALIDATE_PRODUCT = YES;
			};
			name = Release;
		};
		887734CE276E704D00E63719 /* Debug */ = {
			isa = XCBuildConfiguration;
			baseConfigurationReference = 8856E8C32772292D00F9C513 /* Config.xcconfig */;
			buildSettings = {
				ASSETCATALOG_COMPILER_APPICON_NAME = AppIcon;
				ASSETCATALOG_COMPILER_GLOBAL_ACCENT_COLOR_NAME = AccentColor;
				CODE_SIGN_STYLE = Automatic;
				CURRENT_PROJECT_VERSION = 1;
				DEVELOPMENT_TEAM = LT343DTFR6;
				GENERATE_INFOPLIST_FILE = YES;
				INFOPLIST_FILE = RestaurantMenu/Info.plist;
				INFOPLIST_KEY_UIApplicationSupportsIndirectInputEvents = YES;
				INFOPLIST_KEY_UILaunchStoryboardName = LaunchScreen;
				INFOPLIST_KEY_UIMainStoryboardFile = Main;
				INFOPLIST_KEY_UISupportedInterfaceOrientations = UIInterfaceOrientationPortrait;
				INFOPLIST_KEY_UISupportedInterfaceOrientations_iPad = "UIInterfaceOrientationPortrait UIInterfaceOrientationPortraitUpsideDown UIInterfaceOrientationLandscapeLeft UIInterfaceOrientationLandscapeRight";
				INFOPLIST_KEY_UISupportedInterfaceOrientations_iPhone = "UIInterfaceOrientationPortrait UIInterfaceOrientationLandscapeLeft UIInterfaceOrientationLandscapeRight";
				IPHONEOS_DEPLOYMENT_TARGET = 13.0;
				LD_RUNPATH_SEARCH_PATHS = (
					"$(inherited)",
					"@executable_path/Frameworks",
				);
				MARKETING_VERSION = 1.0;
				PRODUCT_BUNDLE_IDENTIFIER = com.lourin.RestaurantMenu;
				PRODUCT_NAME = "$(TARGET_NAME)";
				SWIFT_EMIT_LOC_STRINGS = YES;
				SWIFT_VERSION = 5.0;
				TARGETED_DEVICE_FAMILY = 1;
			};
			name = Debug;
		};
		887734CF276E704D00E63719 /* Release */ = {
			isa = XCBuildConfiguration;
			baseConfigurationReference = 8856E8C32772292D00F9C513 /* Config.xcconfig */;
			buildSettings = {
				ASSETCATALOG_COMPILER_APPICON_NAME = AppIcon;
				ASSETCATALOG_COMPILER_GLOBAL_ACCENT_COLOR_NAME = AccentColor;
				CODE_SIGN_STYLE = Automatic;
				CURRENT_PROJECT_VERSION = 1;
				DEVELOPMENT_TEAM = LT343DTFR6;
				GENERATE_INFOPLIST_FILE = YES;
				INFOPLIST_FILE = RestaurantMenu/Info.plist;
				INFOPLIST_KEY_UIApplicationSupportsIndirectInputEvents = YES;
				INFOPLIST_KEY_UILaunchStoryboardName = LaunchScreen;
				INFOPLIST_KEY_UIMainStoryboardFile = Main;
				INFOPLIST_KEY_UISupportedInterfaceOrientations = UIInterfaceOrientationPortrait;
				INFOPLIST_KEY_UISupportedInterfaceOrientations_iPad = "UIInterfaceOrientationPortrait UIInterfaceOrientationPortraitUpsideDown UIInterfaceOrientationLandscapeLeft UIInterfaceOrientationLandscapeRight";
				INFOPLIST_KEY_UISupportedInterfaceOrientations_iPhone = "UIInterfaceOrientationPortrait UIInterfaceOrientationLandscapeLeft UIInterfaceOrientationLandscapeRight";
				IPHONEOS_DEPLOYMENT_TARGET = 13.0;
				LD_RUNPATH_SEARCH_PATHS = (
					"$(inherited)",
					"@executable_path/Frameworks",
				);
				MARKETING_VERSION = 1.0;
				PRODUCT_BUNDLE_IDENTIFIER = com.lourin.RestaurantMenu;
				PRODUCT_NAME = "$(TARGET_NAME)";
				SWIFT_EMIT_LOC_STRINGS = YES;
				SWIFT_VERSION = 5.0;
				TARGETED_DEVICE_FAMILY = 1;
			};
			name = Release;
		};
		887734D1276E704D00E63719 /* Debug */ = {
			isa = XCBuildConfiguration;
			buildSettings = {
				ALWAYS_EMBED_SWIFT_STANDARD_LIBRARIES = YES;
				BUNDLE_LOADER = "$(TEST_HOST)";
				CLANG_ENABLE_MODULES = YES;
				CODE_SIGN_STYLE = Automatic;
				CURRENT_PROJECT_VERSION = 1;
				DEVELOPMENT_TEAM = LT343DTFR6;
				GENERATE_INFOPLIST_FILE = YES;
				IPHONEOS_DEPLOYMENT_TARGET = 15.2;
				LD_RUNPATH_SEARCH_PATHS = (
					"$(inherited)",
					"@executable_path/Frameworks",
					"@loader_path/Frameworks",
				);
				MARKETING_VERSION = 1.0;
				PRODUCT_BUNDLE_IDENTIFIER = com.lourin.RestaurantMenuTests;
				PRODUCT_NAME = "$(TARGET_NAME)";
				SWIFT_EMIT_LOC_STRINGS = NO;
				SWIFT_OPTIMIZATION_LEVEL = "-Onone";
				SWIFT_VERSION = 5.0;
				TARGETED_DEVICE_FAMILY = "1,2";
				TEST_HOST = "$(BUILT_PRODUCTS_DIR)/RestaurantMenu.app/RestaurantMenu";
			};
			name = Debug;
		};
		887734D2276E704D00E63719 /* Release */ = {
			isa = XCBuildConfiguration;
			buildSettings = {
				ALWAYS_EMBED_SWIFT_STANDARD_LIBRARIES = YES;
				BUNDLE_LOADER = "$(TEST_HOST)";
				CLANG_ENABLE_MODULES = YES;
				CODE_SIGN_STYLE = Automatic;
				CURRENT_PROJECT_VERSION = 1;
				DEVELOPMENT_TEAM = LT343DTFR6;
				GENERATE_INFOPLIST_FILE = YES;
				IPHONEOS_DEPLOYMENT_TARGET = 15.2;
				LD_RUNPATH_SEARCH_PATHS = (
					"$(inherited)",
					"@executable_path/Frameworks",
					"@loader_path/Frameworks",
				);
				MARKETING_VERSION = 1.0;
				PRODUCT_BUNDLE_IDENTIFIER = com.lourin.RestaurantMenuTests;
				PRODUCT_NAME = "$(TARGET_NAME)";
				SWIFT_EMIT_LOC_STRINGS = NO;
				SWIFT_VERSION = 5.0;
				TARGETED_DEVICE_FAMILY = "1,2";
				TEST_HOST = "$(BUILT_PRODUCTS_DIR)/RestaurantMenu.app/RestaurantMenu";
			};
			name = Release;
		};
/* End XCBuildConfiguration section */

/* Begin XCConfigurationList section */
		8877349E276E704B00E63719 /* Build configuration list for PBXProject "RestaurantMenu" */ = {
			isa = XCConfigurationList;
			buildConfigurations = (
				887734CB276E704D00E63719 /* Debug */,
				887734CC276E704D00E63719 /* Release */,
			);
			defaultConfigurationIsVisible = 0;
			defaultConfigurationName = Release;
		};
		887734CD276E704D00E63719 /* Build configuration list for PBXNativeTarget "RestaurantMenu" */ = {
			isa = XCConfigurationList;
			buildConfigurations = (
				887734CE276E704D00E63719 /* Debug */,
				887734CF276E704D00E63719 /* Release */,
			);
			defaultConfigurationIsVisible = 0;
			defaultConfigurationName = Release;
		};
		887734D0276E704D00E63719 /* Build configuration list for PBXNativeTarget "RestaurantMenuTests" */ = {
			isa = XCConfigurationList;
			buildConfigurations = (
				887734D1276E704D00E63719 /* Debug */,
				887734D2276E704D00E63719 /* Release */,
			);
			defaultConfigurationIsVisible = 0;
			defaultConfigurationName = Release;
		};
/* End XCConfigurationList section */

/* Begin XCRemoteSwiftPackageReference section */
		887734D6276E76C600E63719 /* XCRemoteSwiftPackageReference "Alamofire" */ = {
			isa = XCRemoteSwiftPackageReference;
			repositoryURL = "https://github.com/Alamofire/Alamofire.git";
			requirement = {
				kind = upToNextMinorVersion;
				minimumVersion = 5.5.0;
			};
		};
/* End XCRemoteSwiftPackageReference section */

/* Begin XCSwiftPackageProductDependency section */
		887734D7276E76C600E63719 /* Alamofire */ = {
			isa = XCSwiftPackageProductDependency;
			package = 887734D6276E76C600E63719 /* XCRemoteSwiftPackageReference "Alamofire" */;
			productName = Alamofire;
		};
/* End XCSwiftPackageProductDependency section */
	};
	rootObject = 8877349B276E704B00E63719 /* Project object */;
}
